
Microsoft Visual Studio Solution File, Format Version 12.00
# Visual Studio Version 17
VisualStudioVersion = 17.5.33424.131
MinimumVisualStudioVersion = 10.0.40219.1
Project("{9A19103F-16F7-4668-BE54-9A1E7A4F7556}") = "SquareRoot", "SquareRoot\SquareRoot.csproj", "{8F8FDF37-B311-4C0A-84C7-174477FE8C00}"
EndProject
Project("{FAE04EC0-301F-11D3-BF4B-00C04F79EFBC}") = "Number", "Number\Number.csproj", "{649A5EB6-FEDC-46C8-95F3-EAD7DC639737}"
EndProject
Global
	GlobalSection(SolutionConfigurationPlatforms) = preSolution
		Debug|Any CPU = Debug|Any CPU
		Release|Any CPU = Release|Any CPU
	EndGlobalSection
	GlobalSection(ProjectConfigurationPlatforms) = postSolution
		{8F8FDF37-B311-4C0A-84C7-174477FE8C00}.Debug|Any CPU.ActiveCfg = Debug|Any CPU
		{8F8FDF37-B311-4C0A-84C7-174477FE8C00}.Debug|Any CPU.Build.0 = Debug|Any CPU
		{8F8FDF37-B311-4C0A-84C7-174477FE8C00}.Release|Any CPU.ActiveCfg = Release|Any CPU
		{8F8FDF37-B311-4C0A-84C7-174477FE8C00}.Release|Any CPU.Build.0 = Release|Any CPU
		{649A5EB6-FEDC-46C8-95F3-EAD7DC639737}.Debug|Any CPU.ActiveCfg = Debug|Any CPU
		{649A5EB6-FEDC-46C8-95F3-EAD7DC639737}.Debug|Any CPU.Build.0 = Debug|Any CPU
		{649A5EB6-FEDC-46C8-95F3-EAD7DC639737}.Release|Any CPU.ActiveCfg = Release|Any CPU
		{649A5EB6-FEDC-46C8-95F3-EAD7DC639737}.Release|Any CPU.Build.0 = Release|Any CPU
	EndGlobalSection
	GlobalSection(SolutionProperties) = preSolution
		HideSolutionNode = FALSE
	EndGlobalSection
	GlobalSection(ExtensibilityGlobals) = postSolution
		SolutionGuid = {122B7AF8-C551-463F-8938-730C96752478}
	EndGlobalSection
EndGlobal
