
Microsoft Visual Studio Solution File, Format Version 12.00
# Visual Studio Version 17
VisualStudioVersion = 17.5.33424.131
MinimumVisualStudioVersion = 10.0.40219.1
Project("{9A19103F-16F7-4668-BE54-9A1E7A4F7556}") = "Skeleton.Tests", "Skeleton.Tests\Skeleton.Tests.csproj", "{E7113601-2504-4470-B497-2DB21DB227D5}"
EndProject
Project("{9A19103F-16F7-4668-BE54-9A1E7A4F7556}") = "Skeleton", "Skeleton\Skeleton.csproj", "{1D81DDB2-DB63-408B-910C-DF08CCA8D565}"
EndProject
Project("{9A19103F-16F7-4668-BE54-9A1E7A4F7556}") = "Database.Tests", "Database.Tests\Database.Tests.csproj", "{DB72DB14-43A8-4371-BE7D-4E2BCFA97878}"
EndProject
Project("{9A19103F-16F7-4668-BE54-9A1E7A4F7556}") = "Database", "Database\Database.csproj", "{639F7673-30BC-4250-B396-086A23075443}"
EndProject
Project("{9A19103F-16F7-4668-BE54-9A1E7A4F7556}") = "DatabaseExtended", "DatabaseExtended\DatabaseExtended.csproj", "{7C1C500F-BC0D-43A2-A3E4-02C0293598A6}"
EndProject
Project("{9A19103F-16F7-4668-BE54-9A1E7A4F7556}") = "DatabaseExtended.Tests", "DatabaseExtended.Tests\DatabaseExtended.Tests.csproj", "{4B3DE77B-A3D3-4467-87D3-066CBA409315}"
EndProject
Project("{9A19103F-16F7-4668-BE54-9A1E7A4F7556}") = "CarManager", "CarManager\CarManager.csproj", "{7DA1C2AD-B30C-48C3-8F9C-60D891153A30}"
EndProject
Project("{9A19103F-16F7-4668-BE54-9A1E7A4F7556}") = "CarManager.Tests", "CarManager.Tests\CarManager.Tests.csproj", "{31315042-1CF9-45A8-A7D5-862FFC872493}"
EndProject
Project("{9A19103F-16F7-4668-BE54-9A1E7A4F7556}") = "FightingArena", "FightingArena\FightingArena.csproj", "{42954BA0-4C56-4763-85B5-94FC1AEBAC7A}"
EndProject
Project("{9A19103F-16F7-4668-BE54-9A1E7A4F7556}") = "FightingArena.Tests", "FightingArena.Tests\FightingArena.Tests.csproj", "{D7BC6C3F-50AD-4C45-BA7A-ED9A9C0B891F}"
EndProject
Global
	GlobalSection(SolutionConfigurationPlatforms) = preSolution
		Debug|Any CPU = Debug|Any CPU
		Release|Any CPU = Release|Any CPU
	EndGlobalSection
	GlobalSection(ProjectConfigurationPlatforms) = postSolution
		{E7113601-2504-4470-B497-2DB21DB227D5}.Debug|Any CPU.ActiveCfg = Debug|Any CPU
		{E7113601-2504-4470-B497-2DB21DB227D5}.Debug|Any CPU.Build.0 = Debug|Any CPU
		{E7113601-2504-4470-B497-2DB21DB227D5}.Release|Any CPU.ActiveCfg = Release|Any CPU
		{E7113601-2504-4470-B497-2DB21DB227D5}.Release|Any CPU.Build.0 = Release|Any CPU
		{1D81DDB2-DB63-408B-910C-DF08CCA8D565}.Debug|Any CPU.ActiveCfg = Debug|Any CPU
		{1D81DDB2-DB63-408B-910C-DF08CCA8D565}.Debug|Any CPU.Build.0 = Debug|Any CPU
		{1D81DDB2-DB63-408B-910C-DF08CCA8D565}.Release|Any CPU.ActiveCfg = Release|Any CPU
		{1D81DDB2-DB63-408B-910C-DF08CCA8D565}.Release|Any CPU.Build.0 = Release|Any CPU
		{DB72DB14-43A8-4371-BE7D-4E2BCFA97878}.Debug|Any CPU.ActiveCfg = Debug|Any CPU
		{DB72DB14-43A8-4371-BE7D-4E2BCFA97878}.Debug|Any CPU.Build.0 = Debug|Any CPU
		{DB72DB14-43A8-4371-BE7D-4E2BCFA97878}.Release|Any CPU.ActiveCfg = Release|Any CPU
		{DB72DB14-43A8-4371-BE7D-4E2BCFA97878}.Release|Any CPU.Build.0 = Release|Any CPU
		{639F7673-30BC-4250-B396-086A23075443}.Debug|Any CPU.ActiveCfg = Debug|Any CPU
		{639F7673-30BC-4250-B396-086A23075443}.Debug|Any CPU.Build.0 = Debug|Any CPU
		{639F7673-30BC-4250-B396-086A23075443}.Release|Any CPU.ActiveCfg = Release|Any CPU
		{639F7673-30BC-4250-B396-086A23075443}.Release|Any CPU.Build.0 = Release|Any CPU
		{7C1C500F-BC0D-43A2-A3E4-02C0293598A6}.Debug|Any CPU.ActiveCfg = Debug|Any CPU
		{7C1C500F-BC0D-43A2-A3E4-02C0293598A6}.Debug|Any CPU.Build.0 = Debug|Any CPU
		{7C1C500F-BC0D-43A2-A3E4-02C0293598A6}.Release|Any CPU.ActiveCfg = Release|Any CPU
		{7C1C500F-BC0D-43A2-A3E4-02C0293598A6}.Release|Any CPU.Build.0 = Release|Any CPU
		{4B3DE77B-A3D3-4467-87D3-066CBA409315}.Debug|Any CPU.ActiveCfg = Debug|Any CPU
		{4B3DE77B-A3D3-4467-87D3-066CBA409315}.Debug|Any CPU.Build.0 = Debug|Any CPU
		{4B3DE77B-A3D3-4467-87D3-066CBA409315}.Release|Any CPU.ActiveCfg = Release|Any CPU
		{4B3DE77B-A3D3-4467-87D3-066CBA409315}.Release|Any CPU.Build.0 = Release|Any CPU
		{7DA1C2AD-B30C-48C3-8F9C-60D891153A30}.Debug|Any CPU.ActiveCfg = Debug|Any CPU
		{7DA1C2AD-B30C-48C3-8F9C-60D891153A30}.Debug|Any CPU.Build.0 = Debug|Any CPU
		{7DA1C2AD-B30C-48C3-8F9C-60D891153A30}.Release|Any CPU.ActiveCfg = Release|Any CPU
		{7DA1C2AD-B30C-48C3-8F9C-60D891153A30}.Release|Any CPU.Build.0 = Release|Any CPU
		{31315042-1CF9-45A8-A7D5-862FFC872493}.Debug|Any CPU.ActiveCfg = Debug|Any CPU
		{31315042-1CF9-45A8-A7D5-862FFC872493}.Debug|Any CPU.Build.0 = Debug|Any CPU
		{31315042-1CF9-45A8-A7D5-862FFC872493}.Release|Any CPU.ActiveCfg = Release|Any CPU
		{31315042-1CF9-45A8-A7D5-862FFC872493}.Release|Any CPU.Build.0 = Release|Any CPU
		{42954BA0-4C56-4763-85B5-94FC1AEBAC7A}.Debug|Any CPU.ActiveCfg = Debug|Any CPU
		{42954BA0-4C56-4763-85B5-94FC1AEBAC7A}.Debug|Any CPU.Build.0 = Debug|Any CPU
		{42954BA0-4C56-4763-85B5-94FC1AEBAC7A}.Release|Any CPU.ActiveCfg = Release|Any CPU
		{42954BA0-4C56-4763-85B5-94FC1AEBAC7A}.Release|Any CPU.Build.0 = Release|Any CPU
		{D7BC6C3F-50AD-4C45-BA7A-ED9A9C0B891F}.Debug|Any CPU.ActiveCfg = Debug|Any CPU
		{D7BC6C3F-50AD-4C45-BA7A-ED9A9C0B891F}.Debug|Any CPU.Build.0 = Debug|Any CPU
		{D7BC6C3F-50AD-4C45-BA7A-ED9A9C0B891F}.Release|Any CPU.ActiveCfg = Release|Any CPU
		{D7BC6C3F-50AD-4C45-BA7A-ED9A9C0B891F}.Release|Any CPU.Build.0 = Release|Any CPU
	EndGlobalSection
	GlobalSection(SolutionProperties) = preSolution
		HideSolutionNode = FALSE
	EndGlobalSection
	GlobalSection(ExtensibilityGlobals) = postSolution
		SolutionGuid = {CEB1D22E-CF45-4478-934F-FE84AA5E8656}
	EndGlobalSection
EndGlobal
