
Microsoft Visual Studio Solution File, Format Version 12.00
# Visual Studio Version 17
VisualStudioVersion = 17.5.33424.131
MinimumVisualStudioVersion = 10.0.40219.1
Project("{9A19103F-16F7-4668-BE54-9A1E7A4F7556}") = "Skeleton.Tests", "Skeleton.Tests\Skeleton.Tests.csproj", "{E7113601-2504-4470-B497-2DB21DB227D5}"
EndProject
Project("{9A19103F-16F7-4668-BE54-9A1E7A4F7556}") = "Skeleton", "Skeleton\Skeleton.csproj", "{1D81DDB2-DB63-408B-910C-DF08CCA8D565}"
EndProject
Global
	GlobalSection(SolutionConfigurationPlatforms) = preSolution
		Debug|Any CPU = Debug|Any CPU
		Release|Any CPU = Release|Any CPU
	EndGlobalSection
	GlobalSection(ProjectConfigurationPlatforms) = postSolution
		{E7113601-2504-4470-B497-2DB21DB227D5}.Debug|Any CPU.ActiveCfg = Debug|Any CPU
		{E7113601-2504-4470-B497-2DB21DB227D5}.Debug|Any CPU.Build.0 = Debug|Any CPU
		{E7113601-2504-4470-B497-2DB21DB227D5}.Release|Any CPU.ActiveCfg = Release|Any CPU
		{E7113601-2504-4470-B497-2DB21DB227D5}.Release|Any CPU.Build.0 = Release|Any CPU
		{1D81DDB2-DB63-408B-910C-DF08CCA8D565}.Debug|Any CPU.ActiveCfg = Debug|Any CPU
		{1D81DDB2-DB63-408B-910C-DF08CCA8D565}.Debug|Any CPU.Build.0 = Debug|Any CPU
		{1D81DDB2-DB63-408B-910C-DF08CCA8D565}.Release|Any CPU.ActiveCfg = Release|Any CPU
		{1D81DDB2-DB63-408B-910C-DF08CCA8D565}.Release|Any CPU.Build.0 = Release|Any CPU
	EndGlobalSection
	GlobalSection(SolutionProperties) = preSolution
		HideSolutionNode = FALSE
	EndGlobalSection
	GlobalSection(ExtensibilityGlobals) = postSolution
		SolutionGuid = {CEB1D22E-CF45-4478-934F-FE84AA5E8656}
	EndGlobalSection
EndGlobal
